
Microsoft Visual Studio Solution File, Format Version 12.00
# Visual Studio Version 17
VisualStudioVersion = 17.0.31903.59
MinimumVisualStudioVersion = 10.0.40219.1
Project("{2150E333-8FDC-42A3-9474-1A3956D46DE8}") = "src", "src", "{03AAE447-71F0-4929-84CE-A763F991CA24}"
EndProject
Project("{FAE04EC0-301F-11D3-BF4B-00C04F79EFBC}") = "Air.Interface.CLI", "src\Air.Interface.CLI\Air.Interface.CLI.csproj", "{75B3C5AB-9507-4C6A-B6BC-2C81DB02CB8D}"
EndProject
Project("{2150E333-8FDC-42A3-9474-1A3956D46DE8}") = "test", "test", "{77A19DDD-9D43-4750-8035-D5CF9EFA39C0}"
EndProject
Project("{FAE04EC0-301F-11D3-BF4B-00C04F79EFBC}") = "Air.Domain.Fares", "src\Air.Domain.Fares\Air.Domain.Fares.csproj", "{7A079EED-CEA8-45EA-ABE3-4C784CF67908}"
EndProject
Project("{FAE04EC0-301F-11D3-BF4B-00C04F79EFBC}") = "Air.Domain.Fares.AcceptanceTests", "test\Air.Domain.Fares.AcceptanceTests\Air.Domain.Fares.AcceptanceTests.csproj", "{668994DF-1AF7-404C-B7E5-AFCF04EDD653}"
EndProject
Project("{FAE04EC0-301F-11D3-BF4B-00C04F79EFBC}") = "Air.Domain.Fares.ClassTests", "test\Air.Domain.Fares.ClassTests\Air.Domain.Fares.ClassTests.csproj", "{918190DC-0B4C-4368-8BA1-EEB6D83D132C}"
EndProject
Project("{FAE04EC0-301F-11D3-BF4B-00C04F79EFBC}") = "Air.Domain.Fares.Shared", "test\Air.Domain.Fares.Shared\Air.Domain.Fares.Shared.csproj", "{E3699CF9-F378-4B47-9F58-674E816C9D46}"
EndProject
Project("{FAE04EC0-301F-11D3-BF4B-00C04F79EFBC}") = "Air.Interface.CLI.ProcessTests", "test\Air.Interface.CLI.ProcessTests\Air.Interface.CLI.ProcessTests.csproj", "{C07D1858-43D1-41DD-A941-7406CF80B629}"
EndProject
Project("{FAE04EC0-301F-11D3-BF4B-00C04F79EFBC}") = "Air.Fake.WebApiServices", "test\Air.Fake.WebApiServices\Air.Fake.WebApiServices.csproj", "{E0986FAA-FF19-49D4-8B59-4100D42863B0}"
EndProject
Global
	GlobalSection(SolutionConfigurationPlatforms) = preSolution
		Debug|Any CPU = Debug|Any CPU
		Release|Any CPU = Release|Any CPU
	EndGlobalSection
	GlobalSection(ProjectConfigurationPlatforms) = postSolution
		{75B3C5AB-9507-4C6A-B6BC-2C81DB02CB8D}.Debug|Any CPU.ActiveCfg = Debug|Any CPU
		{75B3C5AB-9507-4C6A-B6BC-2C81DB02CB8D}.Debug|Any CPU.Build.0 = Debug|Any CPU
		{75B3C5AB-9507-4C6A-B6BC-2C81DB02CB8D}.Release|Any CPU.ActiveCfg = Release|Any CPU
		{75B3C5AB-9507-4C6A-B6BC-2C81DB02CB8D}.Release|Any CPU.Build.0 = Release|Any CPU
		{7A079EED-CEA8-45EA-ABE3-4C784CF67908}.Debug|Any CPU.ActiveCfg = Debug|Any CPU
		{7A079EED-CEA8-45EA-ABE3-4C784CF67908}.Debug|Any CPU.Build.0 = Debug|Any CPU
		{7A079EED-CEA8-45EA-ABE3-4C784CF67908}.Release|Any CPU.ActiveCfg = Release|Any CPU
		{7A079EED-CEA8-45EA-ABE3-4C784CF67908}.Release|Any CPU.Build.0 = Release|Any CPU
		{668994DF-1AF7-404C-B7E5-AFCF04EDD653}.Debug|Any CPU.ActiveCfg = Debug|Any CPU
		{668994DF-1AF7-404C-B7E5-AFCF04EDD653}.Debug|Any CPU.Build.0 = Debug|Any CPU
		{668994DF-1AF7-404C-B7E5-AFCF04EDD653}.Release|Any CPU.ActiveCfg = Release|Any CPU
		{668994DF-1AF7-404C-B7E5-AFCF04EDD653}.Release|Any CPU.Build.0 = Release|Any CPU
		{918190DC-0B4C-4368-8BA1-EEB6D83D132C}.Debug|Any CPU.ActiveCfg = Debug|Any CPU
		{918190DC-0B4C-4368-8BA1-EEB6D83D132C}.Debug|Any CPU.Build.0 = Debug|Any CPU
		{918190DC-0B4C-4368-8BA1-EEB6D83D132C}.Release|Any CPU.ActiveCfg = Release|Any CPU
		{918190DC-0B4C-4368-8BA1-EEB6D83D132C}.Release|Any CPU.Build.0 = Release|Any CPU
		{E3699CF9-F378-4B47-9F58-674E816C9D46}.Debug|Any CPU.ActiveCfg = Debug|Any CPU
		{E3699CF9-F378-4B47-9F58-674E816C9D46}.Debug|Any CPU.Build.0 = Debug|Any CPU
		{E3699CF9-F378-4B47-9F58-674E816C9D46}.Release|Any CPU.ActiveCfg = Release|Any CPU
		{E3699CF9-F378-4B47-9F58-674E816C9D46}.Release|Any CPU.Build.0 = Release|Any CPU
		{C07D1858-43D1-41DD-A941-7406CF80B629}.Debug|Any CPU.ActiveCfg = Debug|Any CPU
		{C07D1858-43D1-41DD-A941-7406CF80B629}.Debug|Any CPU.Build.0 = Debug|Any CPU
		{C07D1858-43D1-41DD-A941-7406CF80B629}.Release|Any CPU.ActiveCfg = Release|Any CPU
		{C07D1858-43D1-41DD-A941-7406CF80B629}.Release|Any CPU.Build.0 = Release|Any CPU
		{E0986FAA-FF19-49D4-8B59-4100D42863B0}.Debug|Any CPU.ActiveCfg = Debug|Any CPU
		{E0986FAA-FF19-49D4-8B59-4100D42863B0}.Debug|Any CPU.Build.0 = Debug|Any CPU
		{E0986FAA-FF19-49D4-8B59-4100D42863B0}.Release|Any CPU.ActiveCfg = Release|Any CPU
		{E0986FAA-FF19-49D4-8B59-4100D42863B0}.Release|Any CPU.Build.0 = Release|Any CPU
	EndGlobalSection
	GlobalSection(SolutionProperties) = preSolution
		HideSolutionNode = FALSE
	EndGlobalSection
	GlobalSection(NestedProjects) = preSolution
		{75B3C5AB-9507-4C6A-B6BC-2C81DB02CB8D} = {03AAE447-71F0-4929-84CE-A763F991CA24}
		{7A079EED-CEA8-45EA-ABE3-4C784CF67908} = {03AAE447-71F0-4929-84CE-A763F991CA24}
		{668994DF-1AF7-404C-B7E5-AFCF04EDD653} = {77A19DDD-9D43-4750-8035-D5CF9EFA39C0}
		{918190DC-0B4C-4368-8BA1-EEB6D83D132C} = {77A19DDD-9D43-4750-8035-D5CF9EFA39C0}
		{E3699CF9-F378-4B47-9F58-674E816C9D46} = {77A19DDD-9D43-4750-8035-D5CF9EFA39C0}
		{C07D1858-43D1-41DD-A941-7406CF80B629} = {77A19DDD-9D43-4750-8035-D5CF9EFA39C0}
		{E0986FAA-FF19-49D4-8B59-4100D42863B0} = {77A19DDD-9D43-4750-8035-D5CF9EFA39C0}
	EndGlobalSection
EndGlobal
