
Microsoft Visual Studio Solution File, Format Version 12.00
# Visual Studio Version 17
VisualStudioVersion = 17.0.31903.59
MinimumVisualStudioVersion = 10.0.40219.1
Project("{2150E333-8FDC-42A3-9474-1A3956D46DE8}") = "src", "src", "{03AAE447-71F0-4929-84CE-A763F991CA24}"
EndProject
Project("{FAE04EC0-301F-11D3-BF4B-00C04F79EFBC}") = "Air.Interface.CLI", "src\Air.Interface.CLI\Air.Interface.CLI.csproj", "{75B3C5AB-9507-4C6A-B6BC-2C81DB02CB8D}"
EndProject
Project("{2150E333-8FDC-42A3-9474-1A3956D46DE8}") = "test", "test", "{77A19DDD-9D43-4750-8035-D5CF9EFA39C0}"
EndProject
Project("{FAE04EC0-301F-11D3-BF4B-00C04F79EFBC}") = "Air.Domain.Fares.Tests", "test\Air.Domain.Fares.Tests\Air.Domain.Fares.Tests.csproj", "{E74826E5-ED49-49CC-A1D8-1387843577E7}"
EndProject
Project("{FAE04EC0-301F-11D3-BF4B-00C04F79EFBC}") = "Air.Domain.Fares", "src\Air.Domain.Fares\Air.Domain.Fares.csproj", "{7A079EED-CEA8-45EA-ABE3-4C784CF67908}"
EndProject
Global
	GlobalSection(SolutionConfigurationPlatforms) = preSolution
		Debug|Any CPU = Debug|Any CPU
		Release|Any CPU = Release|Any CPU
	EndGlobalSection
	GlobalSection(ProjectConfigurationPlatforms) = postSolution
		{75B3C5AB-9507-4C6A-B6BC-2C81DB02CB8D}.Debug|Any CPU.ActiveCfg = Debug|Any CPU
		{75B3C5AB-9507-4C6A-B6BC-2C81DB02CB8D}.Debug|Any CPU.Build.0 = Debug|Any CPU
		{75B3C5AB-9507-4C6A-B6BC-2C81DB02CB8D}.Release|Any CPU.ActiveCfg = Release|Any CPU
		{75B3C5AB-9507-4C6A-B6BC-2C81DB02CB8D}.Release|Any CPU.Build.0 = Release|Any CPU
		{E74826E5-ED49-49CC-A1D8-1387843577E7}.Debug|Any CPU.ActiveCfg = Debug|Any CPU
		{E74826E5-ED49-49CC-A1D8-1387843577E7}.Debug|Any CPU.Build.0 = Debug|Any CPU
		{E74826E5-ED49-49CC-A1D8-1387843577E7}.Release|Any CPU.ActiveCfg = Release|Any CPU
		{E74826E5-ED49-49CC-A1D8-1387843577E7}.Release|Any CPU.Build.0 = Release|Any CPU
		{7A079EED-CEA8-45EA-ABE3-4C784CF67908}.Debug|Any CPU.ActiveCfg = Debug|Any CPU
		{7A079EED-CEA8-45EA-ABE3-4C784CF67908}.Debug|Any CPU.Build.0 = Debug|Any CPU
		{7A079EED-CEA8-45EA-ABE3-4C784CF67908}.Release|Any CPU.ActiveCfg = Release|Any CPU
		{7A079EED-CEA8-45EA-ABE3-4C784CF67908}.Release|Any CPU.Build.0 = Release|Any CPU
	EndGlobalSection
	GlobalSection(SolutionProperties) = preSolution
		HideSolutionNode = FALSE
	EndGlobalSection
	GlobalSection(NestedProjects) = preSolution
		{75B3C5AB-9507-4C6A-B6BC-2C81DB02CB8D} = {03AAE447-71F0-4929-84CE-A763F991CA24}
		{E74826E5-ED49-49CC-A1D8-1387843577E7} = {77A19DDD-9D43-4750-8035-D5CF9EFA39C0}
		{7A079EED-CEA8-45EA-ABE3-4C784CF67908} = {03AAE447-71F0-4929-84CE-A763F991CA24}
	EndGlobalSection
EndGlobal
